# This file is autogenerated, do not edit; changes may be undone by the next 'dep ensure'.


[[projects]]
  branch = "master"
  name = "github.com/nbuzard/gortmp"
  packages = ["."]
  revision = "58536e593a9f588e5dbad023ae26d67f5e1090c4"

[[projects]]
  branch = "master"
  name = "github.com/nbuzard/log"
  packages = ["."]
  revision = "75f77b282f0918cd9c01096bcddc6eca54cd28e8"

[[projects]]
  branch = "master"
  name = "github.com/zhangpeihao/goamf"
  packages = ["."]
  revision = "3ff2c19514a8cccd3ee44f9fd2d375f6f53e41a1"

[[projects]]
  branch = "master"
  name = "github.com/zhangpeihao/goflv"
  packages = ["."]
  revision = "f2c8a1d6c9e175b00236f8454ccb882cd44d1326"

[solve-meta]
  analyzer-name = "dep"
  analyzer-version = 1
  inputs-digest = "8af61ad4d84a7dfe5fb0510d3947b9ef61adcf3feb87767ac5f65c8f7057206f"
  solver-name = "gps-cdcl"
  solver-version = 1
